// !$*UTF8*$!
{
	archiveVersion = 1;
	classes = {
	};
	objectVersion = 50;
	objects = {

/* Begin PBXBuildFile section */
		1C129FF622375F5500982910 /* CoreGraphicsViewController.m in Sources */ = {isa = PBXBuildFile; fileRef = 1C129FF522375F5500982910 /* CoreGraphicsViewController.m */; };
		1C129FFA22377CC600982910 /* CoreGraphicsView.m in Sources */ = {isa = PBXBuildFile; fileRef = 1C129FF922377CC600982910 /* CoreGraphicsView.m */; };
		1C129FFE2237921F00982910 /* YSRunloopObserver.m in Sources */ = {isa = PBXBuildFile; fileRef = 1C129FFD2237921E00982910 /* YSRunloopObserver.m */; };
		1CF8CDCD221D4B5900B223D4 /* AppDelegate.m in Sources */ = {isa = PBXBuildFile; fileRef = 1CF8CDCC221D4B5900B223D4 /* AppDelegate.m */; };
		1CF8CDD0221D4B5900B223D4 /* ViewController.m in Sources */ = {isa = PBXBuildFile; fileRef = 1CF8CDCF221D4B5900B223D4 /* ViewController.m */; };
		1CF8CDD5221D4B5C00B223D4 /* Assets.xcassets in Resources */ = {isa = PBXBuildFile; fileRef = 1CF8CDD4221D4B5C00B223D4 /* Assets.xcassets */; };
		1CF8CDDB221D4B5C00B223D4 /* main.m in Sources */ = {isa = PBXBuildFile; fileRef = 1CF8CDDA221D4B5C00B223D4 /* main.m */; };
		1CF8CDE4221D4CA500B223D4 /* WeakArray.m in Sources */ = {isa = PBXBuildFile; fileRef = 1CF8CDE3221D4CA500B223D4 /* WeakArray.m */; settings = {COMPILER_FLAGS = "-fno-objc-arc"; }; };
		1CF8CDE7221D52A400B223D4 /* WeakMutableArray.m in Sources */ = {isa = PBXBuildFile; fileRef = 1CF8CDE6221D52A400B223D4 /* WeakMutableArray.m */; };
		1CF8CDEC221EA29700B223D4 /* YSVedioViewController.m in Sources */ = {isa = PBXBuildFile; fileRef = 1CF8CDEB221EA29700B223D4 /* YSVedioViewController.m */; };
		1CF8CDF2221F891B00B223D4 /* YSBaseNavigationController.m in Sources */ = {isa = PBXBuildFile; fileRef = 1CF8CDF1221F891B00B223D4 /* YSBaseNavigationController.m */; };
		1CF8CDF9221F8B9600B223D4 /* YSBaseViewController.m in Sources */ = {isa = PBXBuildFile; fileRef = 1CF8CDF8221F8B9600B223D4 /* YSBaseViewController.m */; };
		1CF8CE03221FD4E600B223D4 /* YSRotateViewController.m in Sources */ = {isa = PBXBuildFile; fileRef = 1CF8CE02221FD4E600B223D4 /* YSRotateViewController.m */; };
		1CF8CE0722250FDB00B223D4 /* SDListViewController.m in Sources */ = {isa = PBXBuildFile; fileRef = 1CF8CE0622250FDB00B223D4 /* SDListViewController.m */; };
		1CF8CE0B2225291700B223D4 /* SDTabelViewController.m in Sources */ = {isa = PBXBuildFile; fileRef = 1CF8CE0A2225291700B223D4 /* SDTabelViewController.m */; };
		1CF8CE0E22252C7500B223D4 /* SDTabelViewCell.m in Sources */ = {isa = PBXBuildFile; fileRef = 1CF8CE0D22252C7500B223D4 /* SDTabelViewCell.m */; };
		1CF8CE132226189400B223D4 /* YSBaseView.m in Sources */ = {isa = PBXBuildFile; fileRef = 1CF8CE122226189400B223D4 /* YSBaseView.m */; };
		1CF8CE1D2226230700B223D4 /* YSBaseViewController+Navgation.m in Sources */ = {isa = PBXBuildFile; fileRef = 1CF8CE1C2226230700B223D4 /* YSBaseViewController+Navgation.m */; };
		1CF8CE212226267900B223D4 /* YSBaseViewModel.m in Sources */ = {isa = PBXBuildFile; fileRef = 1CF8CE202226267900B223D4 /* YSBaseViewModel.m */; };
		1CF8CE252226284300B223D4 /* YSBaseModel.m in Sources */ = {isa = PBXBuildFile; fileRef = 1CF8CE242226284300B223D4 /* YSBaseModel.m */; };
		1CF8CE282226295B00B223D4 /* YSBaseTableViewCell.m in Sources */ = {isa = PBXBuildFile; fileRef = 1CF8CE272226295B00B223D4 /* YSBaseTableViewCell.m */; };
		1CF8CE2B222629AA00B223D4 /* YSBaseCollectionViewCell.m in Sources */ = {isa = PBXBuildFile; fileRef = 1CF8CE2A222629AA00B223D4 /* YSBaseCollectionViewCell.m */; };
		1CF8CE302226363F00B223D4 /* HomeViewController.m in Sources */ = {isa = PBXBuildFile; fileRef = 1CF8CE2F2226363F00B223D4 /* HomeViewController.m */; };
		1CF8CE342226366800B223D4 /* HomeView.m in Sources */ = {isa = PBXBuildFile; fileRef = 1CF8CE332226366800B223D4 /* HomeView.m */; };
		1CF8CE382226368300B223D4 /* HomeViewModel.m in Sources */ = {isa = PBXBuildFile; fileRef = 1CF8CE372226368300B223D4 /* HomeViewModel.m */; };
		1CF8CE3C222636A700B223D4 /* HomeModel.m in Sources */ = {isa = PBXBuildFile; fileRef = 1CF8CE3B222636A700B223D4 /* HomeModel.m */; };
		EB7FF523F45DC3003441DDF9 /* libPods-iOS-Learning-Demo.a in Frameworks */ = {isa = PBXBuildFile; fileRef = C80EA9629F86107E431BD853 /* libPods-iOS-Learning-Demo.a */; };
/* End PBXBuildFile section */

/* Begin PBXFileReference section */
		1C129FF422375F5500982910 /* CoreGraphicsViewController.h */ = {isa = PBXFileReference; lastKnownFileType = sourcecode.c.h; path = CoreGraphicsViewController.h; sourceTree = "<group>"; };
		1C129FF522375F5500982910 /* CoreGraphicsViewController.m */ = {isa = PBXFileReference; lastKnownFileType = sourcecode.c.objc; path = CoreGraphicsViewController.m; sourceTree = "<group>"; };
		1C129FF822377CC600982910 /* CoreGraphicsView.h */ = {isa = PBXFileReference; lastKnownFileType = sourcecode.c.h; path = CoreGraphicsView.h; sourceTree = "<group>"; };
		1C129FF922377CC600982910 /* CoreGraphicsView.m */ = {isa = PBXFileReference; lastKnownFileType = sourcecode.c.objc; path = CoreGraphicsView.m; sourceTree = "<group>"; };
		1C129FFC2237921E00982910 /* YSRunloopObserver.h */ = {isa = PBXFileReference; lastKnownFileType = sourcecode.c.h; path = YSRunloopObserver.h; sourceTree = "<group>"; };
		1C129FFD2237921E00982910 /* YSRunloopObserver.m */ = {isa = PBXFileReference; lastKnownFileType = sourcecode.c.objc; path = YSRunloopObserver.m; sourceTree = "<group>"; };
		1CF8CDC8221D4B5900B223D4 /* iOS-Learning-Demo.app */ = {isa = PBXFileReference; explicitFileType = wrapper.application; includeInIndex = 0; path = "iOS-Learning-Demo.app"; sourceTree = BUILT_PRODUCTS_DIR; };
		1CF8CDCB221D4B5900B223D4 /* AppDelegate.h */ = {isa = PBXFileReference; lastKnownFileType = sourcecode.c.h; path = AppDelegate.h; sourceTree = "<group>"; };
		1CF8CDCC221D4B5900B223D4 /* AppDelegate.m */ = {isa = PBXFileReference; lastKnownFileType = sourcecode.c.objc; path = AppDelegate.m; sourceTree = "<group>"; };
		1CF8CDCE221D4B5900B223D4 /* ViewController.h */ = {isa = PBXFileReference; lastKnownFileType = sourcecode.c.h; path = ViewController.h; sourceTree = "<group>"; };
		1CF8CDCF221D4B5900B223D4 /* ViewController.m */ = {isa = PBXFileReference; lastKnownFileType = sourcecode.c.objc; path = ViewController.m; sourceTree = "<group>"; };
		1CF8CDD4221D4B5C00B223D4 /* Assets.xcassets */ = {isa = PBXFileReference; lastKnownFileType = folder.assetcatalog; path = Assets.xcassets; sourceTree = "<group>"; };
		1CF8CDD9221D4B5C00B223D4 /* Info.plist */ = {isa = PBXFileReference; lastKnownFileType = text.plist.xml; path = Info.plist; sourceTree = "<group>"; };
		1CF8CDDA221D4B5C00B223D4 /* main.m */ = {isa = PBXFileReference; lastKnownFileType = sourcecode.c.objc; path = main.m; sourceTree = "<group>"; };
		1CF8CDE2221D4CA500B223D4 /* WeakArray.h */ = {isa = PBXFileReference; lastKnownFileType = sourcecode.c.h; path = WeakArray.h; sourceTree = "<group>"; };
		1CF8CDE3221D4CA500B223D4 /* WeakArray.m */ = {isa = PBXFileReference; lastKnownFileType = sourcecode.c.objc; path = WeakArray.m; sourceTree = "<group>"; };
		1CF8CDE5221D52A400B223D4 /* WeakMutableArray.h */ = {isa = PBXFileReference; lastKnownFileType = sourcecode.c.h; path = WeakMutableArray.h; sourceTree = "<group>"; };
		1CF8CDE6221D52A400B223D4 /* WeakMutableArray.m */ = {isa = PBXFileReference; lastKnownFileType = sourcecode.c.objc; path = WeakMutableArray.m; sourceTree = "<group>"; };
		1CF8CDEA221EA29700B223D4 /* YSVedioViewController.h */ = {isa = PBXFileReference; lastKnownFileType = sourcecode.c.h; path = YSVedioViewController.h; sourceTree = "<group>"; };
		1CF8CDEB221EA29700B223D4 /* YSVedioViewController.m */ = {isa = PBXFileReference; lastKnownFileType = sourcecode.c.objc; path = YSVedioViewController.m; sourceTree = "<group>"; };
		1CF8CDEF221F87F900B223D4 /* PrefixHeader.pch */ = {isa = PBXFileReference; lastKnownFileType = sourcecode.c.h; path = PrefixHeader.pch; sourceTree = "<group>"; };
		1CF8CDF0221F891B00B223D4 /* YSBaseNavigationController.h */ = {isa = PBXFileReference; lastKnownFileType = sourcecode.c.h; path = YSBaseNavigationController.h; sourceTree = "<group>"; };
		1CF8CDF1221F891B00B223D4 /* YSBaseNavigationController.m */ = {isa = PBXFileReference; lastKnownFileType = sourcecode.c.objc; path = YSBaseNavigationController.m; sourceTree = "<group>"; };
		1CF8CDF7221F8B9600B223D4 /* YSBaseViewController.h */ = {isa = PBXFileReference; lastKnownFileType = sourcecode.c.h; path = YSBaseViewController.h; sourceTree = "<group>"; };
		1CF8CDF8221F8B9600B223D4 /* YSBaseViewController.m */ = {isa = PBXFileReference; lastKnownFileType = sourcecode.c.objc; path = YSBaseViewController.m; sourceTree = "<group>"; };
		1CF8CE01221FD4E600B223D4 /* YSRotateViewController.h */ = {isa = PBXFileReference; fileEncoding = 4; lastKnownFileType = sourcecode.c.h; path = YSRotateViewController.h; sourceTree = "<group>"; };
		1CF8CE02221FD4E600B223D4 /* YSRotateViewController.m */ = {isa = PBXFileReference; fileEncoding = 4; lastKnownFileType = sourcecode.c.objc; path = YSRotateViewController.m; sourceTree = "<group>"; };
		1CF8CE0522250FDB00B223D4 /* SDListViewController.h */ = {isa = PBXFileReference; lastKnownFileType = sourcecode.c.h; path = SDListViewController.h; sourceTree = "<group>"; };
		1CF8CE0622250FDB00B223D4 /* SDListViewController.m */ = {isa = PBXFileReference; lastKnownFileType = sourcecode.c.objc; path = SDListViewController.m; sourceTree = "<group>"; };
		1CF8CE092225291700B223D4 /* SDTabelViewController.h */ = {isa = PBXFileReference; lastKnownFileType = sourcecode.c.h; path = SDTabelViewController.h; sourceTree = "<group>"; };
		1CF8CE0A2225291700B223D4 /* SDTabelViewController.m */ = {isa = PBXFileReference; lastKnownFileType = sourcecode.c.objc; path = SDTabelViewController.m; sourceTree = "<group>"; };
		1CF8CE0C22252C7500B223D4 /* SDTabelViewCell.h */ = {isa = PBXFileReference; lastKnownFileType = sourcecode.c.h; path = SDTabelViewCell.h; sourceTree = "<group>"; };
		1CF8CE0D22252C7500B223D4 /* SDTabelViewCell.m */ = {isa = PBXFileReference; lastKnownFileType = sourcecode.c.objc; path = SDTabelViewCell.m; sourceTree = "<group>"; };
		1CF8CE112226189400B223D4 /* YSBaseView.h */ = {isa = PBXFileReference; lastKnownFileType = sourcecode.c.h; path = YSBaseView.h; sourceTree = "<group>"; };
		1CF8CE122226189400B223D4 /* YSBaseView.m */ = {isa = PBXFileReference; lastKnownFileType = sourcecode.c.objc; path = YSBaseView.m; sourceTree = "<group>"; };
		1CF8CE16222620D900B223D4 /* Protocols.h */ = {isa = PBXFileReference; lastKnownFileType = sourcecode.c.h; path = Protocols.h; sourceTree = "<group>"; };
		1CF8CE17222620F000B223D4 /* ControllerProtocol.h */ = {isa = PBXFileReference; lastKnownFileType = sourcecode.c.h; path = ControllerProtocol.h; sourceTree = "<group>"; };
		1CF8CE182226211900B223D4 /* ViewProtocol.h */ = {isa = PBXFileReference; lastKnownFileType = sourcecode.c.h; path = ViewProtocol.h; sourceTree = "<group>"; };
		1CF8CE192226213800B223D4 /* ViewModelProtocol.h */ = {isa = PBXFileReference; lastKnownFileType = sourcecode.c.h; path = ViewModelProtocol.h; sourceTree = "<group>"; };
		1CF8CE1A2226216800B223D4 /* CellProtocol.h */ = {isa = PBXFileReference; lastKnownFileType = sourcecode.c.h; path = CellProtocol.h; sourceTree = "<group>"; };
		1CF8CE1B2226230700B223D4 /* YSBaseViewController+Navgation.h */ = {isa = PBXFileReference; lastKnownFileType = sourcecode.c.h; path = "YSBaseViewController+Navgation.h"; sourceTree = "<group>"; };
		1CF8CE1C2226230700B223D4 /* YSBaseViewController+Navgation.m */ = {isa = PBXFileReference; lastKnownFileType = sourcecode.c.objc; path = "YSBaseViewController+Navgation.m"; sourceTree = "<group>"; };
		1CF8CE1E222625BF00B223D4 /* YSBase.h */ = {isa = PBXFileReference; lastKnownFileType = sourcecode.c.h; path = YSBase.h; sourceTree = "<group>"; };
		1CF8CE1F2226267900B223D4 /* YSBaseViewModel.h */ = {isa = PBXFileReference; lastKnownFileType = sourcecode.c.h; path = YSBaseViewModel.h; sourceTree = "<group>"; };
		1CF8CE202226267900B223D4 /* YSBaseViewModel.m */ = {isa = PBXFileReference; lastKnownFileType = sourcecode.c.objc; path = YSBaseViewModel.m; sourceTree = "<group>"; };
		1CF8CE232226284300B223D4 /* YSBaseModel.h */ = {isa = PBXFileReference; lastKnownFileType = sourcecode.c.h; path = YSBaseModel.h; sourceTree = "<group>"; };
		1CF8CE242226284300B223D4 /* YSBaseModel.m */ = {isa = PBXFileReference; lastKnownFileType = sourcecode.c.objc; path = YSBaseModel.m; sourceTree = "<group>"; };
		1CF8CE262226295B00B223D4 /* YSBaseTableViewCell.h */ = {isa = PBXFileReference; lastKnownFileType = sourcecode.c.h; path = YSBaseTableViewCell.h; sourceTree = "<group>"; };
		1CF8CE272226295B00B223D4 /* YSBaseTableViewCell.m */ = {isa = PBXFileReference; lastKnownFileType = sourcecode.c.objc; path = YSBaseTableViewCell.m; sourceTree = "<group>"; };
		1CF8CE29222629AA00B223D4 /* YSBaseCollectionViewCell.h */ = {isa = PBXFileReference; lastKnownFileType = sourcecode.c.h; path = YSBaseCollectionViewCell.h; sourceTree = "<group>"; };
		1CF8CE2A222629AA00B223D4 /* YSBaseCollectionViewCell.m */ = {isa = PBXFileReference; lastKnownFileType = sourcecode.c.objc; path = YSBaseCollectionViewCell.m; sourceTree = "<group>"; };
		1CF8CE2E2226363F00B223D4 /* HomeViewController.h */ = {isa = PBXFileReference; lastKnownFileType = sourcecode.c.h; path = HomeViewController.h; sourceTree = "<group>"; };
		1CF8CE2F2226363F00B223D4 /* HomeViewController.m */ = {isa = PBXFileReference; lastKnownFileType = sourcecode.c.objc; path = HomeViewController.m; sourceTree = "<group>"; };
		1CF8CE322226366800B223D4 /* HomeView.h */ = {isa = PBXFileReference; lastKnownFileType = sourcecode.c.h; path = HomeView.h; sourceTree = "<group>"; };
		1CF8CE332226366800B223D4 /* HomeView.m */ = {isa = PBXFileReference; lastKnownFileType = sourcecode.c.objc; path = HomeView.m; sourceTree = "<group>"; };
		1CF8CE362226368300B223D4 /* HomeViewModel.h */ = {isa = PBXFileReference; lastKnownFileType = sourcecode.c.h; path = HomeViewModel.h; sourceTree = "<group>"; };
		1CF8CE372226368300B223D4 /* HomeViewModel.m */ = {isa = PBXFileReference; lastKnownFileType = sourcecode.c.objc; path = HomeViewModel.m; sourceTree = "<group>"; };
		1CF8CE3A222636A700B223D4 /* HomeModel.h */ = {isa = PBXFileReference; lastKnownFileType = sourcecode.c.h; path = HomeModel.h; sourceTree = "<group>"; };
		1CF8CE3B222636A700B223D4 /* HomeModel.m */ = {isa = PBXFileReference; lastKnownFileType = sourcecode.c.objc; path = HomeModel.m; sourceTree = "<group>"; };
		5AA5B22FCC454A2EE8317C4B /* Pods-iOS-Learning-Demo.release.xcconfig */ = {isa = PBXFileReference; includeInIndex = 1; lastKnownFileType = text.xcconfig; name = "Pods-iOS-Learning-Demo.release.xcconfig"; path = "Pods/Target Support Files/Pods-iOS-Learning-Demo/Pods-iOS-Learning-Demo.release.xcconfig"; sourceTree = "<group>"; };
		C80EA9629F86107E431BD853 /* libPods-iOS-Learning-Demo.a */ = {isa = PBXFileReference; explicitFileType = archive.ar; includeInIndex = 0; path = "libPods-iOS-Learning-Demo.a"; sourceTree = BUILT_PRODUCTS_DIR; };
		E517468561F480CF7CA7D6C4 /* Pods-iOS-Learning-Demo.debug.xcconfig */ = {isa = PBXFileReference; includeInIndex = 1; lastKnownFileType = text.xcconfig; name = "Pods-iOS-Learning-Demo.debug.xcconfig"; path = "Pods/Target Support Files/Pods-iOS-Learning-Demo/Pods-iOS-Learning-Demo.debug.xcconfig"; sourceTree = "<group>"; };
/* End PBXFileReference section */

/* Begin PBXFrameworksBuildPhase section */
		1CF8CDC5221D4B5900B223D4 /* Frameworks */ = {
			isa = PBXFrameworksBuildPhase;
			buildActionMask = 2147483647;
			files = (
				EB7FF523F45DC3003441DDF9 /* libPods-iOS-Learning-Demo.a in Frameworks */,
			);
			runOnlyForDeploymentPostprocessing = 0;
		};
/* End PBXFrameworksBuildPhase section */

/* Begin PBXGroup section */
		1C129FF022375DFB00982910 /* CoreGraphics */ = {
			isa = PBXGroup;
			children = (
				1C129FF722377C7E00982910 /* View */,
				1C129FF422375F5500982910 /* CoreGraphicsViewController.h */,
				1C129FF522375F5500982910 /* CoreGraphicsViewController.m */,
			);
			path = CoreGraphics;
			sourceTree = "<group>";
		};
		1C129FF722377C7E00982910 /* View */ = {
			isa = PBXGroup;
			children = (
				1C129FF822377CC600982910 /* CoreGraphicsView.h */,
				1C129FF922377CC600982910 /* CoreGraphicsView.m */,
			);
			path = View;
			sourceTree = "<group>";
		};
		1C129FFB223791DE00982910 /* RunLoop */ = {
			isa = PBXGroup;
			children = (
				1C129FFC2237921E00982910 /* YSRunloopObserver.h */,
				1C129FFD2237921E00982910 /* YSRunloopObserver.m */,
			);
			path = RunLoop;
			sourceTree = "<group>";
		};
		1CF8CDBF221D4B5900B223D4 = {
			isa = PBXGroup;
			children = (
				1CF8CDCA221D4B5900B223D4 /* iOS-Learning-Demo */,
				1CF8CDC9221D4B5900B223D4 /* Products */,
				821BE7C932A9A0D71790BC7E /* Pods */,
				9389C1CCC7E4D1B6E41D8583 /* Frameworks */,
			);
			sourceTree = "<group>";
		};
		1CF8CDC9221D4B5900B223D4 /* Products */ = {
			isa = PBXGroup;
			children = (
				1CF8CDC8221D4B5900B223D4 /* iOS-Learning-Demo.app */,
			);
			name = Products;
			sourceTree = "<group>";
		};
		1CF8CDCA221D4B5900B223D4 /* iOS-Learning-Demo */ = {
			isa = PBXGroup;
			children = (
				1CF8CDE9221EA25A00B223D4 /* Base */,
				1CF8CDE1221D4C7100B223D4 /* [1]数组（字典）中添加弱引用 */,
				1CF8CDE8221EA24300B223D4 /* [2]屏幕旋转 */,
				1CF8CE0422250E9A00B223D4 /* [3]SDAutoLayout */,
				1CF8CE2C222635E100B223D4 /* [4]MVVM */,
				1C129FF022375DFB00982910 /* CoreGraphics */,
				1C129FFB223791DE00982910 /* RunLoop */,
				1CF8CDCB221D4B5900B223D4 /* AppDelegate.h */,
				1CF8CDCC221D4B5900B223D4 /* AppDelegate.m */,
				1CF8CDCE221D4B5900B223D4 /* ViewController.h */,
				1CF8CDCF221D4B5900B223D4 /* ViewController.m */,
				1CF8CDD4221D4B5C00B223D4 /* Assets.xcassets */,
				1CF8CDD9221D4B5C00B223D4 /* Info.plist */,
				1CF8CDDA221D4B5C00B223D4 /* main.m */,
				1CF8CDEF221F87F900B223D4 /* PrefixHeader.pch */,
			);
			path = "iOS-Learning-Demo";
			sourceTree = "<group>";
		};
		1CF8CDE1221D4C7100B223D4 /* [1]数组（字典）中添加弱引用 */ = {
			isa = PBXGroup;
			children = (
				1CF8CDE2221D4CA500B223D4 /* WeakArray.h */,
				1CF8CDE3221D4CA500B223D4 /* WeakArray.m */,
				1CF8CDE5221D52A400B223D4 /* WeakMutableArray.h */,
				1CF8CDE6221D52A400B223D4 /* WeakMutableArray.m */,
			);
			path = "[1]数组（字典）中添加弱引用";
			sourceTree = "<group>";
		};
		1CF8CDE8221EA24300B223D4 /* [2]屏幕旋转 */ = {
			isa = PBXGroup;
			children = (
				1CF8CDFA221FC50000B223D4 /* 方案一 */,
				1CF8CDFB221FC50D00B223D4 /* 方案二 */,
			);
			path = "[2]屏幕旋转";
			sourceTree = "<group>";
		};
		1CF8CDE9221EA25A00B223D4 /* Base */ = {
			isa = PBXGroup;
			children = (
				1CF8CE1E222625BF00B223D4 /* YSBase.h */,
				1CF8CE0F2226182400B223D4 /* Controller */,
				1CF8CE222226281700B223D4 /* Model */,
				1CF8CE102226186D00B223D4 /* View */,
				1CF8CE142226208100B223D4 /* ViewModel */,
				1CF8CE15222620B700B223D4 /* Protocols */,
			);
			path = Base;
			sourceTree = "<group>";
		};
		1CF8CDFA221FC50000B223D4 /* 方案一 */ = {
			isa = PBXGroup;
			children = (
				1CF8CDEA221EA29700B223D4 /* YSVedioViewController.h */,
				1CF8CDEB221EA29700B223D4 /* YSVedioViewController.m */,
			);
			path = "方案一";
			sourceTree = "<group>";
		};
		1CF8CDFB221FC50D00B223D4 /* 方案二 */ = {
			isa = PBXGroup;
			children = (
				1CF8CE01221FD4E600B223D4 /* YSRotateViewController.h */,
				1CF8CE02221FD4E600B223D4 /* YSRotateViewController.m */,
			);
			path = "方案二";
			sourceTree = "<group>";
		};
		1CF8CE0422250E9A00B223D4 /* [3]SDAutoLayout */ = {
			isa = PBXGroup;
			children = (
				1CF8CE0522250FDB00B223D4 /* SDListViewController.h */,
				1CF8CE0622250FDB00B223D4 /* SDListViewController.m */,
				1CF8CE08222528F900B223D4 /* SDTabelViewController */,
			);
			path = "[3]SDAutoLayout";
			sourceTree = "<group>";
		};
		1CF8CE08222528F900B223D4 /* SDTabelViewController */ = {
			isa = PBXGroup;
			children = (
				1CF8CE092225291700B223D4 /* SDTabelViewController.h */,
				1CF8CE0A2225291700B223D4 /* SDTabelViewController.m */,
				1CF8CE0C22252C7500B223D4 /* SDTabelViewCell.h */,
				1CF8CE0D22252C7500B223D4 /* SDTabelViewCell.m */,
			);
			path = SDTabelViewController;
			sourceTree = "<group>";
		};
		1CF8CE0F2226182400B223D4 /* Controller */ = {
			isa = PBXGroup;
			children = (
				1CF8CDF7221F8B9600B223D4 /* YSBaseViewController.h */,
				1CF8CDF8221F8B9600B223D4 /* YSBaseViewController.m */,
				1CF8CDF0221F891B00B223D4 /* YSBaseNavigationController.h */,
				1CF8CDF1221F891B00B223D4 /* YSBaseNavigationController.m */,
				1CF8CE1B2226230700B223D4 /* YSBaseViewController+Navgation.h */,
				1CF8CE1C2226230700B223D4 /* YSBaseViewController+Navgation.m */,
			);
			path = Controller;
			sourceTree = "<group>";
		};
		1CF8CE102226186D00B223D4 /* View */ = {
			isa = PBXGroup;
			children = (
				1CF8CE112226189400B223D4 /* YSBaseView.h */,
				1CF8CE122226189400B223D4 /* YSBaseView.m */,
				1CF8CE262226295B00B223D4 /* YSBaseTableViewCell.h */,
				1CF8CE272226295B00B223D4 /* YSBaseTableViewCell.m */,
				1CF8CE29222629AA00B223D4 /* YSBaseCollectionViewCell.h */,
				1CF8CE2A222629AA00B223D4 /* YSBaseCollectionViewCell.m */,
			);
			path = View;
			sourceTree = "<group>";
		};
		1CF8CE142226208100B223D4 /* ViewModel */ = {
			isa = PBXGroup;
			children = (
				1CF8CE1F2226267900B223D4 /* YSBaseViewModel.h */,
				1CF8CE202226267900B223D4 /* YSBaseViewModel.m */,
			);
			path = ViewModel;
			sourceTree = "<group>";
		};
		1CF8CE15222620B700B223D4 /* Protocols */ = {
			isa = PBXGroup;
			children = (
				1CF8CE16222620D900B223D4 /* Protocols.h */,
				1CF8CE1A2226216800B223D4 /* CellProtocol.h */,
				1CF8CE182226211900B223D4 /* ViewProtocol.h */,
				1CF8CE17222620F000B223D4 /* ControllerProtocol.h */,
				1CF8CE192226213800B223D4 /* ViewModelProtocol.h */,
			);
			path = Protocols;
			sourceTree = "<group>";
		};
		1CF8CE222226281700B223D4 /* Model */ = {
			isa = PBXGroup;
			children = (
				1CF8CE232226284300B223D4 /* YSBaseModel.h */,
				1CF8CE242226284300B223D4 /* YSBaseModel.m */,
			);
			path = Model;
			sourceTree = "<group>";
		};
		1CF8CE2C222635E100B223D4 /* [4]MVVM */ = {
			isa = PBXGroup;
			children = (
				1CF8CE392226369400B223D4 /* Model */,
				1CF8CE312226365500B223D4 /* View */,
				1CF8CE352226367300B223D4 /* ViewModel */,
				1CF8CE2D2226362600B223D4 /* Controller */,
			);
			path = "[4]MVVM";
			sourceTree = "<group>";
		};
		1CF8CE2D2226362600B223D4 /* Controller */ = {
			isa = PBXGroup;
			children = (
				1CF8CE2E2226363F00B223D4 /* HomeViewController.h */,
				1CF8CE2F2226363F00B223D4 /* HomeViewController.m */,
			);
			path = Controller;
			sourceTree = "<group>";
		};
		1CF8CE312226365500B223D4 /* View */ = {
			isa = PBXGroup;
			children = (
				1CF8CE322226366800B223D4 /* HomeView.h */,
				1CF8CE332226366800B223D4 /* HomeView.m */,
			);
			path = View;
			sourceTree = "<group>";
		};
		1CF8CE352226367300B223D4 /* ViewModel */ = {
			isa = PBXGroup;
			children = (
				1CF8CE362226368300B223D4 /* HomeViewModel.h */,
				1CF8CE372226368300B223D4 /* HomeViewModel.m */,
			);
			path = ViewModel;
			sourceTree = "<group>";
		};
		1CF8CE392226369400B223D4 /* Model */ = {
			isa = PBXGroup;
			children = (
				1CF8CE3A222636A700B223D4 /* HomeModel.h */,
				1CF8CE3B222636A700B223D4 /* HomeModel.m */,
			);
			path = Model;
			sourceTree = "<group>";
		};
		821BE7C932A9A0D71790BC7E /* Pods */ = {
			isa = PBXGroup;
			children = (
				E517468561F480CF7CA7D6C4 /* Pods-iOS-Learning-Demo.debug.xcconfig */,
				5AA5B22FCC454A2EE8317C4B /* Pods-iOS-Learning-Demo.release.xcconfig */,
			);
			name = Pods;
			sourceTree = "<group>";
		};
		9389C1CCC7E4D1B6E41D8583 /* Frameworks */ = {
			isa = PBXGroup;
			children = (
				C80EA9629F86107E431BD853 /* libPods-iOS-Learning-Demo.a */,
			);
			name = Frameworks;
			sourceTree = "<group>";
		};
/* End PBXGroup section */

/* Begin PBXNativeTarget section */
		1CF8CDC7221D4B5900B223D4 /* iOS-Learning-Demo */ = {
			isa = PBXNativeTarget;
			buildConfigurationList = 1CF8CDDE221D4B5C00B223D4 /* Build configuration list for PBXNativeTarget "iOS-Learning-Demo" */;
			buildPhases = (
				F86A4ADF3EB50A294E5D8679 /* [CP] Check Pods Manifest.lock */,
				1CF8CDC4221D4B5900B223D4 /* Sources */,
				1CF8CDC5221D4B5900B223D4 /* Frameworks */,
				1CF8CDC6221D4B5900B223D4 /* Resources */,
				9251F00C67C5018A104959B0 /* [CP] Embed Pods Frameworks */,
				867F5673F2D3052244ECC826 /* [CP] Copy Pods Resources */,
			);
			buildRules = (
			);
			dependencies = (
			);
			name = "iOS-Learning-Demo";
			productName = "iOS-Learning-Demo";
			productReference = 1CF8CDC8221D4B5900B223D4 /* iOS-Learning-Demo.app */;
			productType = "com.apple.product-type.application";
		};
/* End PBXNativeTarget section */

/* Begin PBXProject section */
		1CF8CDC0221D4B5900B223D4 /* Project object */ = {
			isa = PBXProject;
			attributes = {
				LastUpgradeCheck = 1010;
				ORGANIZATIONNAME = yuan;
				TargetAttributes = {
					1CF8CDC7221D4B5900B223D4 = {
						CreatedOnToolsVersion = 10.1;
					};
				};
			};
			buildConfigurationList = 1CF8CDC3221D4B5900B223D4 /* Build configuration list for PBXProject "iOS-Learning-Demo" */;
			compatibilityVersion = "Xcode 9.3";
			developmentRegion = en;
			hasScannedForEncodings = 0;
			knownRegions = (
				en,
				Base,
			);
			mainGroup = 1CF8CDBF221D4B5900B223D4;
			productRefGroup = 1CF8CDC9221D4B5900B223D4 /* Products */;
			projectDirPath = "";
			projectRoot = "";
			targets = (
				1CF8CDC7221D4B5900B223D4 /* iOS-Learning-Demo */,
			);
		};
/* End PBXProject section */

/* Begin PBXResourcesBuildPhase section */
		1CF8CDC6221D4B5900B223D4 /* Resources */ = {
			isa = PBXResourcesBuildPhase;
			buildActionMask = 2147483647;
			files = (
				1CF8CDD5221D4B5C00B223D4 /* Assets.xcassets in Resources */,
			);
			runOnlyForDeploymentPostprocessing = 0;
		};
/* End PBXResourcesBuildPhase section */

/* Begin PBXShellScriptBuildPhase section */
		867F5673F2D3052244ECC826 /* [CP] Copy Pods Resources */ = {
			isa = PBXShellScriptBuildPhase;
			buildActionMask = 2147483647;
			files = (
			);
			inputFileListPaths = (
			);
			inputPaths = (
			);
			name = "[CP] Copy Pods Resources";
			outputFileListPaths = (
			);
			outputPaths = (
			);
			runOnlyForDeploymentPostprocessing = 0;
			shellPath = /bin/sh;
			shellScript = "\"${SRCROOT}/Pods/Target Support Files/Pods-iOS-Learning-Demo/Pods-iOS-Learning-Demo-resources.sh\"\n";
			showEnvVarsInLog = 0;
		};
		9251F00C67C5018A104959B0 /* [CP] Embed Pods Frameworks */ = {
			isa = PBXShellScriptBuildPhase;
			buildActionMask = 2147483647;
			files = (
			);
			inputFileListPaths = (
			);
			inputPaths = (
			);
			name = "[CP] Embed Pods Frameworks";
			outputFileListPaths = (
			);
			outputPaths = (
			);
			runOnlyForDeploymentPostprocessing = 0;
			shellPath = /bin/sh;
			shellScript = "\"${SRCROOT}/Pods/Target Support Files/Pods-iOS-Learning-Demo/Pods-iOS-Learning-Demo-frameworks.sh\"\n";
			showEnvVarsInLog = 0;
		};
		F86A4ADF3EB50A294E5D8679 /* [CP] Check Pods Manifest.lock */ = {
			isa = PBXShellScriptBuildPhase;
			buildActionMask = 2147483647;
			files = (
			);
			inputFileListPaths = (
			);
			inputPaths = (
			);
			name = "[CP] Check Pods Manifest.lock";
			outputFileListPaths = (
			);
			outputPaths = (
			);
			runOnlyForDeploymentPostprocessing = 0;
			shellPath = /bin/sh;
			shellScript = "diff \"${PODS_PODFILE_DIR_PATH}/Podfile.lock\" \"${PODS_ROOT}/Manifest.lock\" > /dev/null\nif [ $? != 0 ] ; then\n    # print error to STDERR\n    echo \"error: The sandbox is not in sync with the Podfile.lock. Run 'pod install' or update your CocoaPods installation.\" >&2\n    exit 1\nfi\n";
			showEnvVarsInLog = 0;
		};
/* End PBXShellScriptBuildPhase section */

/* Begin PBXSourcesBuildPhase section */
		1CF8CDC4221D4B5900B223D4 /* Sources */ = {
			isa = PBXSourcesBuildPhase;
			buildActionMask = 2147483647;
			files = (
				1CF8CE252226284300B223D4 /* YSBaseModel.m in Sources */,
				1C129FF622375F5500982910 /* CoreGraphicsViewController.m in Sources */,
				1C129FFA22377CC600982910 /* CoreGraphicsView.m in Sources */,
				1CF8CDD0221D4B5900B223D4 /* ViewController.m in Sources */,
				1CF8CE282226295B00B223D4 /* YSBaseTableViewCell.m in Sources */,
				1CF8CE132226189400B223D4 /* YSBaseView.m in Sources */,
				1CF8CDE4221D4CA500B223D4 /* WeakArray.m in Sources */,
				1CF8CDF2221F891B00B223D4 /* YSBaseNavigationController.m in Sources */,
				1CF8CE212226267900B223D4 /* YSBaseViewModel.m in Sources */,
				1CF8CDDB221D4B5C00B223D4 /* main.m in Sources */,
				1CF8CE3C222636A700B223D4 /* HomeModel.m in Sources */,
				1CF8CE0E22252C7500B223D4 /* SDTabelViewCell.m in Sources */,
				1CF8CE382226368300B223D4 /* HomeViewModel.m in Sources */,
				1CF8CDF9221F8B9600B223D4 /* YSBaseViewController.m in Sources */,
				1CF8CDCD221D4B5900B223D4 /* AppDelegate.m in Sources */,
				1CF8CE03221FD4E600B223D4 /* YSRotateViewController.m in Sources */,
				1CF8CE0B2225291700B223D4 /* SDTabelViewController.m in Sources */,
				1CF8CE1D2226230700B223D4 /* YSBaseViewController+Navgation.m in Sources */,
				1CF8CDEC221EA29700B223D4 /* YSVedioViewController.m in Sources */,
				1CF8CE2B222629AA00B223D4 /* YSBaseCollectionViewCell.m in Sources */,
				1CF8CE0722250FDB00B223D4 /* SDListViewController.m in Sources */,
				1CF8CE342226366800B223D4 /* HomeView.m in Sources */,
				1CF8CE302226363F00B223D4 /* HomeViewController.m in Sources */,
				1CF8CDE7221D52A400B223D4 /* WeakMutableArray.m in Sources */,
				1C129FFE2237921F00982910 /* YSRunloopObserver.m in Sources */,
			);
			runOnlyForDeploymentPostprocessing = 0;
		};
/* End PBXSourcesBuildPhase section */

/* Begin XCBuildConfiguration section */
		1CF8CDDC221D4B5C00B223D4 /* Debug */ = {
			isa = XCBuildConfiguration;
			buildSettings = {
				ALWAYS_SEARCH_USER_PATHS = NO;
				CLANG_ANALYZER_NONNULL = YES;
				CLANG_ANALYZER_NUMBER_OBJECT_CONVERSION = YES_AGGRESSIVE;
				CLANG_CXX_LANGUAGE_STANDARD = "gnu++14";
				CLANG_CXX_LIBRARY = "libc++";
				CLANG_ENABLE_MODULES = YES;
				CLANG_ENABLE_OBJC_ARC = YES;
				CLANG_ENABLE_OBJC_WEAK = YES;
				CLANG_WARN_BLOCK_CAPTURE_AUTORELEASING = YES;
				CLANG_WARN_BOOL_CONVERSION = YES;
				CLANG_WARN_COMMA = YES;
				CLANG_WARN_CONSTANT_CONVERSION = YES;
				CLANG_WARN_DEPRECATED_OBJC_IMPLEMENTATIONS = YES;
				CLANG_WARN_DIRECT_OBJC_ISA_USAGE = YES_ERROR;
				CLANG_WARN_DOCUMENTATION_COMMENTS = YES;
				CLANG_WARN_EMPTY_BODY = YES;
				CLANG_WARN_ENUM_CONVERSION = YES;
				CLANG_WARN_INFINITE_RECURSION = YES;
				CLANG_WARN_INT_CONVERSION = YES;
				CLANG_WARN_NON_LITERAL_NULL_CONVERSION = YES;
				CLANG_WARN_OBJC_IMPLICIT_RETAIN_SELF = YES;
				CLANG_WARN_OBJC_LITERAL_CONVERSION = YES;
				CLANG_WARN_OBJC_ROOT_CLASS = YES_ERROR;
				CLANG_WARN_RANGE_LOOP_ANALYSIS = YES;
				CLANG_WARN_STRICT_PROTOTYPES = YES;
				CLANG_WARN_SUSPICIOUS_MOVE = YES;
				CLANG_WARN_UNGUARDED_AVAILABILITY = YES_AGGRESSIVE;
				CLANG_WARN_UNREACHABLE_CODE = YES;
				CLANG_WARN__DUPLICATE_METHOD_MATCH = YES;
				CODE_SIGN_IDENTITY = "iPhone Developer";
				COPY_PHASE_STRIP = NO;
				DEBUG_INFORMATION_FORMAT = dwarf;
				ENABLE_STRICT_OBJC_MSGSEND = YES;
				ENABLE_TESTABILITY = YES;
				GCC_C_LANGUAGE_STANDARD = gnu11;
				GCC_DYNAMIC_NO_PIC = NO;
				GCC_NO_COMMON_BLOCKS = YES;
				GCC_OPTIMIZATION_LEVEL = 0;
				GCC_PREPROCESSOR_DEFINITIONS = (
					"DEBUG=1",
					"$(inherited)",
				);
				GCC_WARN_64_TO_32_BIT_CONVERSION = YES;
				GCC_WARN_ABOUT_RETURN_TYPE = YES_ERROR;
				GCC_WARN_UNDECLARED_SELECTOR = YES;
				GCC_WARN_UNINITIALIZED_AUTOS = YES_AGGRESSIVE;
				GCC_WARN_UNUSED_FUNCTION = YES;
				GCC_WARN_UNUSED_VARIABLE = YES;
				IPHONEOS_DEPLOYMENT_TARGET = 12.1;
				MTL_ENABLE_DEBUG_INFO = INCLUDE_SOURCE;
				MTL_FAST_MATH = YES;
				ONLY_ACTIVE_ARCH = YES;
				SDKROOT = iphoneos;
			};
			name = Debug;
		};
		1CF8CDDD221D4B5C00B223D4 /* Release */ = {
			isa = XCBuildConfiguration;
			buildSettings = {
				ALWAYS_SEARCH_USER_PATHS = NO;
				CLANG_ANALYZER_NONNULL = YES;
				CLANG_ANALYZER_NUMBER_OBJECT_CONVERSION = YES_AGGRESSIVE;
				CLANG_CXX_LANGUAGE_STANDARD = "gnu++14";
				CLANG_CXX_LIBRARY = "libc++";
				CLANG_ENABLE_MODULES = YES;
				CLANG_ENABLE_OBJC_ARC = YES;
				CLANG_ENABLE_OBJC_WEAK = YES;
				CLANG_WARN_BLOCK_CAPTURE_AUTORELEASING = YES;
				CLANG_WARN_BOOL_CONVERSION = YES;
				CLANG_WARN_COMMA = YES;
				CLANG_WARN_CONSTANT_CONVERSION = YES;
				CLANG_WARN_DEPRECATED_OBJC_IMPLEMENTATIONS = YES;
				CLANG_WARN_DIRECT_OBJC_ISA_USAGE = YES_ERROR;
				CLANG_WARN_DOCUMENTATION_COMMENTS = YES;
				CLANG_WARN_EMPTY_BODY = YES;
				CLANG_WARN_ENUM_CONVERSION = YES;
				CLANG_WARN_INFINITE_RECURSION = YES;
				CLANG_WARN_INT_CONVERSION = YES;
				CLANG_WARN_NON_LITERAL_NULL_CONVERSION = YES;
				CLANG_WARN_OBJC_IMPLICIT_RETAIN_SELF = YES;
				CLANG_WARN_OBJC_LITERAL_CONVERSION = YES;
				CLANG_WARN_OBJC_ROOT_CLASS = YES_ERROR;
				CLANG_WARN_RANGE_LOOP_ANALYSIS = YES;
				CLANG_WARN_STRICT_PROTOTYPES = YES;
				CLANG_WARN_SUSPICIOUS_MOVE = YES;
				CLANG_WARN_UNGUARDED_AVAILABILITY = YES_AGGRESSIVE;
				CLANG_WARN_UNREACHABLE_CODE = YES;
				CLANG_WARN__DUPLICATE_METHOD_MATCH = YES;
				CODE_SIGN_IDENTITY = "iPhone Developer";
				COPY_PHASE_STRIP = NO;
				DEBUG_INFORMATION_FORMAT = "dwarf-with-dsym";
				ENABLE_NS_ASSERTIONS = NO;
				ENABLE_STRICT_OBJC_MSGSEND = YES;
				GCC_C_LANGUAGE_STANDARD = gnu11;
				GCC_NO_COMMON_BLOCKS = YES;
				GCC_WARN_64_TO_32_BIT_CONVERSION = YES;
				GCC_WARN_ABOUT_RETURN_TYPE = YES_ERROR;
				GCC_WARN_UNDECLARED_SELECTOR = YES;
				GCC_WARN_UNINITIALIZED_AUTOS = YES_AGGRESSIVE;
				GCC_WARN_UNUSED_FUNCTION = YES;
				GCC_WARN_UNUSED_VARIABLE = YES;
				IPHONEOS_DEPLOYMENT_TARGET = 12.1;
				MTL_ENABLE_DEBUG_INFO = NO;
				MTL_FAST_MATH = YES;
				SDKROOT = iphoneos;
				VALIDATE_PRODUCT = YES;
			};
			name = Release;
		};
		1CF8CDDF221D4B5C00B223D4 /* Debug */ = {
			isa = XCBuildConfiguration;
			baseConfigurationReference = E517468561F480CF7CA7D6C4 /* Pods-iOS-Learning-Demo.debug.xcconfig */;
			buildSettings = {
				ASSETCATALOG_COMPILER_APPICON_NAME = AppIcon;
				ASSETCATALOG_COMPILER_LAUNCHIMAGE_NAME = LaunchImage;
				CODE_SIGN_STYLE = Automatic;
				DEVELOPMENT_TEAM = N38YRW4D2Q;
				GCC_PRECOMPILE_PREFIX_HEADER = YES;
				GCC_PREFIX_HEADER = "iOS-Learning-Demo/PrefixHeader.pch";
				INFOPLIST_FILE = "iOS-Learning-Demo/Info.plist";
				IPHONEOS_DEPLOYMENT_TARGET = 8.0;
				LD_RUNPATH_SEARCH_PATHS = (
					"$(inherited)",
					"@executable_path/Frameworks",
				);
				PRODUCT_BUNDLE_IDENTIFIER = "com.yuansirios.iOS-Learning-Demo";
				PRODUCT_NAME = "$(TARGET_NAME)";
				TARGETED_DEVICE_FAMILY = 1;
			};
			name = Debug;
		};
		1CF8CDE0221D4B5C00B223D4 /* Release */ = {
			isa = XCBuildConfiguration;
			baseConfigurationReference = 5AA5B22FCC454A2EE8317C4B /* Pods-iOS-Learning-Demo.release.xcconfig */;
			buildSettings = {
				ASSETCATALOG_COMPILER_APPICON_NAME = AppIcon;
				ASSETCATALOG_COMPILER_LAUNCHIMAGE_NAME = LaunchImage;
				CODE_SIGN_STYLE = Automatic;
				DEVELOPMENT_TEAM = N38YRW4D2Q;
				GCC_PRECOMPILE_PREFIX_HEADER = YES;
				GCC_PREFIX_HEADER = "iOS-Learning-Demo/PrefixHeader.pch";
				INFOPLIST_FILE = "iOS-Learning-Demo/Info.plist";
				IPHONEOS_DEPLOYMENT_TARGET = 8.0;
				LD_RUNPATH_SEARCH_PATHS = (
					"$(inherited)",
					"@executable_path/Frameworks",
				);
				PRODUCT_BUNDLE_IDENTIFIER = "com.yuansirios.iOS-Learning-Demo";
				PRODUCT_NAME = "$(TARGET_NAME)";
				TARGETED_DEVICE_FAMILY = 1;
			};
			name = Release;
		};
/* End XCBuildConfiguration section */

/* Begin XCConfigurationList section */
		1CF8CDC3221D4B5900B223D4 /* Build configuration list for PBXProject "iOS-Learning-Demo" */ = {
			isa = XCConfigurationList;
			buildConfigurations = (
				1CF8CDDC221D4B5C00B223D4 /* Debug */,
				1CF8CDDD221D4B5C00B223D4 /* Release */,
			);
			defaultConfigurationIsVisible = 0;
			defaultConfigurationName = Release;
		};
		1CF8CDDE221D4B5C00B223D4 /* Build configuration list for PBXNativeTarget "iOS-Learning-Demo" */ = {
			isa = XCConfigurationList;
			buildConfigurations = (
				1CF8CDDF221D4B5C00B223D4 /* Debug */,
				1CF8CDE0221D4B5C00B223D4 /* Release */,
			);
			defaultConfigurationIsVisible = 0;
			defaultConfigurationName = Release;
		};
/* End XCConfigurationList section */
	};
	rootObject = 1CF8CDC0221D4B5900B223D4 /* Project object */;
}
